
Microsoft Visual Studio Solution File, Format Version 12.00
# Visual Studio 15
VisualStudioVersion = 15.0.26730.15
MinimumVisualStudioVersion = 10.0.40219.1
Project("{FAE04EC0-301F-11D3-BF4B-00C04F79EFBC}") = "H1Z1FontRenamer", "H1Z1FontRenamer\H1Z1FontRenamer.csproj", "{498855CA-0219-4F55-BE9C-0703A71C59D0}"
EndProject
Global
	GlobalSection(SolutionConfigurationPlatforms) = preSolution
		Debug|Any CPU = Debug|Any CPU
		Release|Any CPU = Release|Any CPU
	EndGlobalSection
	GlobalSection(ProjectConfigurationPlatforms) = postSolution
		{498855CA-0219-4F55-BE9C-0703A71C59D0}.Debug|Any CPU.ActiveCfg = Debug|Any CPU
		{498855CA-0219-4F55-BE9C-0703A71C59D0}.Debug|Any CPU.Build.0 = Debug|Any CPU
		{498855CA-0219-4F55-BE9C-0703A71C59D0}.Release|Any CPU.ActiveCfg = Release|Any CPU
		{498855CA-0219-4F55-BE9C-0703A71C59D0}.Release|Any CPU.Build.0 = Release|Any CPU
	EndGlobalSection
	GlobalSection(SolutionProperties) = preSolution
		HideSolutionNode = FALSE
	EndGlobalSection
	GlobalSection(ExtensibilityGlobals) = postSolution
		SolutionGuid = {60801712-030F-40C3-80A3-DA16485AF0E5}
	EndGlobalSection
EndGlobal
